
Microsoft Visual Studio Solution File, Format Version 12.00
# Visual Studio Version 17
VisualStudioVersion = 17.4.33205.214
MinimumVisualStudioVersion = 10.0.40219.1
Project("{FAE04EC0-301F-11D3-BF4B-00C04F79EFBC}") = "BakeApp", "BakeApp\BakeApp.csproj", "{566BDAA5-44F5-4423-853A-955EBD675938}"
EndProject
Global
	GlobalSection(SolutionConfigurationPlatforms) = preSolution
		Debug|Any CPU = Debug|Any CPU
		Release|Any CPU = Release|Any CPU
	EndGlobalSection
	GlobalSection(ProjectConfigurationPlatforms) = postSolution
		{566BDAA5-44F5-4423-853A-955EBD675938}.Debug|Any CPU.ActiveCfg = Debug|Any CPU
		{566BDAA5-44F5-4423-853A-955EBD675938}.Debug|Any CPU.Build.0 = Debug|Any CPU
		{566BDAA5-44F5-4423-853A-955EBD675938}.Release|Any CPU.ActiveCfg = Release|Any CPU
		{566BDAA5-44F5-4423-853A-955EBD675938}.Release|Any CPU.Build.0 = Release|Any CPU
	EndGlobalSection
	GlobalSection(SolutionProperties) = preSolution
		HideSolutionNode = FALSE
	EndGlobalSection
	GlobalSection(ExtensibilityGlobals) = postSolution
		SolutionGuid = {1576F37A-C8B9-4F5D-B14C-A58ADAE8FE24}
	EndGlobalSection
EndGlobal
